<?xml version="1.0" encoding="utf-8"?>
<Project ToolsVersion="4.0" xmlns="http://schemas.microsoft.com/developer/msbuild/2003">
  <ItemGroup>
    <ClCompile Include="MainScreen.cpp" />
  </ItemGroup>
  <ItemGroup>
    <ClInclude Include="InterfaceCommunication.h" />
    <ClInclude Include="Global.h">
      <Filter>Header Files</Filter>
    </ClInclude>
    <ClInclude Include="screens\currency\clsCurrencyCalaculatorScreen.h">
      <Filter>Header Files\screens\currency</Filter>
    </ClInclude>
    <ClInclude Include="screens\currency\clsCurrencyExchangeMenue.h">
      <Filter>Header Files\screens\currency</Filter>
    </ClInclude>
    <ClInclude Include="screens\currency\clsCurrencyListScreen.h">
      <Filter>Header Files\screens\currency</Filter>
    </ClInclude>
    <ClInclude Include="screens\currency\clsFindCurrencyScreen.h">
      <Filter>Header Files\screens\currency</Filter>
    </ClInclude>
    <ClInclude Include="screens\currency\clsUpdateRateScreen.h">
      <Filter>Header Files\screens\currency</Filter>
    </ClInclude>
    <ClInclude Include="screens\user\clsAddNewUsersScreen.h">
      <Filter>Header Files\screens\user</Filter>
    </ClInclude>
    <ClInclude Include="screens\user\clsDeleteUserScreen.h">
      <Filter>Header Files\screens\user</Filter>
    </ClInclude>
    <ClInclude Include="screens\user\clsFindUserScreen.h">
      <Filter>Header Files\screens\user</Filter>
    </ClInclude>
    <ClInclude Include="screens\user\clsListUsersScreen.h">
      <Filter>Header Files\screens\user</Filter>
    </ClInclude>
    <ClInclude Include="screens\user\clsLoginRegisterScreen.h">
      <Filter>Header Files\screens\user</Filter>
    </ClInclude>
    <ClInclude Include="screens\user\clsLoginScreen.h">
      <Filter>Header Files\screens\user</Filter>
    </ClInclude>
    <ClInclude Include="screens\user\clsManageUsersScreen.h">
      <Filter>Header Files\screens\user</Filter>
    </ClInclude>
    <ClInclude Include="screens\user\clsUpdateUserScreen.h">
      <Filter>Header Files\screens\user</Filter>
    </ClInclude>
    <ClInclude Include="screens\client\clsAddNewClientScreen.h">
      <Filter>Header Files\screens\client</Filter>
    </ClInclude>
    <ClInclude Include="screens\client\clsClientListScreen.h">
      <Filter>Header Files\screens\client</Filter>
    </ClInclude>
    <ClInclude Include="screens\client\clsDeleteClientScreen.h">
      <Filter>Header Files\screens\client</Filter>
    </ClInclude>
    <ClInclude Include="screens\client\clsDepositScreen.h">
      <Filter>Header Files\screens\client</Filter>
    </ClInclude>
    <ClInclude Include="screens\client\clsFindClientScreen.h">
      <Filter>Header Files\screens\client</Filter>
    </ClInclude>
    <ClInclude Include="screens\client\clsTotalBalancesScreen.h">
      <Filter>Header Files\screens\client</Filter>
    </ClInclude>
    <ClInclude Include="screens\client\clsTransactionScreen.h">
      <Filter>Header Files\screens\client</Filter>
    </ClInclude>
    <ClInclude Include="screens\client\clsTransferLogScreen.h">
      <Filter>Header Files\screens\client</Filter>
    </ClInclude>
    <ClInclude Include="screens\client\clsTransferScreen.h">
      <Filter>Header Files\screens\client</Filter>
    </ClInclude>
    <ClInclude Include="screens\client\clsUpdateClientScreen.h">
      <Filter>Header Files\screens\client</Filter>
    </ClInclude>
    <ClInclude Include="screens\client\clsWithdrawScreen.h">
      <Filter>Header Files\screens\client</Filter>
    </ClInclude>
  </ItemGroup>
  <ItemGroup>
    <Text Include="Currencies.txt">
      <Filter>Header Files</Filter>
    </Text>
    <Text Include="Clients.txt">
      <Filter>Header Files</Filter>
    </Text>
    <Text Include="Users.txt">
      <Filter>Header Files</Filter>
    </Text>
  </ItemGroup>
  <ItemGroup>
    <Filter Include="Header Files">
      <UniqueIdentifier>{55bd8401-6462-4cc3-a76a-9cb1b96eee9d}</UniqueIdentifier>
    </Filter>
    <Filter Include="Header Files\screens">
      <UniqueIdentifier>{1006e4a5-ae8b-45d0-9ef9-d519cd339d99}</UniqueIdentifier>
    </Filter>
    <Filter Include="Header Files\screens\user">
      <UniqueIdentifier>{7126e258-4b99-41fd-954c-614c04fbcf08}</UniqueIdentifier>
    </Filter>
    <Filter Include="Header Files\screens\currency">
      <UniqueIdentifier>{cdeedd23-9416-422a-a5b4-6a8b90205ddf}</UniqueIdentifier>
    </Filter>
    <Filter Include="Header Files\screens\client">
      <UniqueIdentifier>{63a12757-d0b2-4889-9366-74571781965d}</UniqueIdentifier>
    </Filter>
  </ItemGroup>
  <ItemGroup>
    <None Include="MainScreen.vcxproj.user">
      <Filter>Header Files</Filter>
    </None>
  </ItemGroup>
</Project>